
Microsoft Visual Studio Solution File, Format Version 12.00
# Visual Studio 2012
Project("{FAE04EC0-301F-11D3-BF4B-00C04F79EFBC}") = "BankAccountOperationApp", "BankAccountOperationApp\BankAccountOperationApp.csproj", "{386D079B-5EF1-45CF-84B5-6017C00FA761}"
EndProject
Global
	GlobalSection(SolutionConfigurationPlatforms) = preSolution
		Debug|Any CPU = Debug|Any CPU
		Release|Any CPU = Release|Any CPU
	EndGlobalSection
	GlobalSection(ProjectConfigurationPlatforms) = postSolution
		{386D079B-5EF1-45CF-84B5-6017C00FA761}.Debug|Any CPU.ActiveCfg = Debug|Any CPU
		{386D079B-5EF1-45CF-84B5-6017C00FA761}.Debug|Any CPU.Build.0 = Debug|Any CPU
		{386D079B-5EF1-45CF-84B5-6017C00FA761}.Release|Any CPU.ActiveCfg = Release|Any CPU
		{386D079B-5EF1-45CF-84B5-6017C00FA761}.Release|Any CPU.Build.0 = Release|Any CPU
	EndGlobalSection
	GlobalSection(SolutionProperties) = preSolution
		HideSolutionNode = FALSE
	EndGlobalSection
EndGlobal
